
Microsoft Visual Studio Solution File, Format Version 12.00
# Visual Studio Version 17
VisualStudioVersion = 17.9.34616.47
MinimumVisualStudioVersion = 10.0.40219.1
Project("{FAE04EC0-301F-11D3-BF4B-00C04F79EFBC}") = "interface", "interface.csproj", "{66B71CAB-4B0F-42EA-B296-C90BE6FBF702}"
EndProject
Global
	GlobalSection(SolutionConfigurationPlatforms) = preSolution
		Debug|Any CPU = Debug|Any CPU
		Release|Any CPU = Release|Any CPU
	EndGlobalSection
	GlobalSection(ProjectConfigurationPlatforms) = postSolution
		{66B71CAB-4B0F-42EA-B296-C90BE6FBF702}.Debug|Any CPU.ActiveCfg = Debug|Any CPU
		{66B71CAB-4B0F-42EA-B296-C90BE6FBF702}.Debug|Any CPU.Build.0 = Debug|Any CPU
		{66B71CAB-4B0F-42EA-B296-C90BE6FBF702}.Release|Any CPU.ActiveCfg = Release|Any CPU
		{66B71CAB-4B0F-42EA-B296-C90BE6FBF702}.Release|Any CPU.Build.0 = Release|Any CPU
	EndGlobalSection
	GlobalSection(SolutionProperties) = preSolution
		HideSolutionNode = FALSE
	EndGlobalSection
	GlobalSection(ExtensibilityGlobals) = postSolution
		SolutionGuid = {9998B27B-5B3D-47B8-BF4C-3A31DC50C2CD}
	EndGlobalSection
EndGlobal
